<?xml version="1.0" encoding="utf-8"?>
<Project ToolsVersion="4.0" xmlns="http://schemas.microsoft.com/developer/msbuild/2003">
  <ItemGroup>
    <Filter Include="Source Files">
      <UniqueIdentifier>{4FC737F1-C7A5-4376-A066-2A32D752A2FF}</UniqueIdentifier>
      <Extensions>cpp;c;cc;cxx;c++;cppm;ixx;def;odl;idl;hpj;bat;asm;asmx</Extensions>
    </Filter>
    <Filter Include="Header Files">
      <UniqueIdentifier>{93995380-89BD-4b04-88EB-625FBE52EBFB}</UniqueIdentifier>
      <Extensions>h;hh;hpp;hxx;h++;hm;inl;inc;ipp;xsd</Extensions>
    </Filter>
    <Filter Include="Resource Files">
      <UniqueIdentifier>{67DA6AB6-F800-4c08-8B7A-83BB121AAD01}</UniqueIdentifier>
      <Extensions>rc;ico;cur;bmp;dlg;rc2;rct;bin;rgs;gif;jpg;jpeg;jpe;resx;tiff;tif;png;wav;mfcribbon-ms</Extensions>
    </Filter>
    <Filter Include="shaders">
      <UniqueIdentifier>{ffb7ba52-3168-4721-acd5-b25c8f0c3889}</UniqueIdentifier>
    </Filter>
    <Filter Include="lib">
      <UniqueIdentifier>{8f775cc1-4f10-4ebe-b8d2-74b51fea9506}</UniqueIdentifier>
    </Filter>
    <Filter Include="gl_utils">
      <UniqueIdentifier>{f5813dbe-3281-4557-9d2c-322eea5fa262}</UniqueIdentifier>
    </Filter>
  </ItemGroup>
  <ItemGroup>
    <ClCompile Include="lib\platform_windows.c">
      <Filter>lib</Filter>
    </ClCompile>
    <ClCompile Include="main.c">
      <Filter>Source Files</Filter>
    </ClCompile>
  </ItemGroup>
  <ItemGroup>
    <ClInclude Include="camera.h">
      <Filter>Header Files</Filter>
    </ClInclude>
    <ClInclude Include="clock.h">
      <Filter>Header Files</Filter>
    </ClInclude>
    <ClInclude Include="engine_types.h">
      <Filter>Header Files</Filter>
    </ClInclude>
    <ClInclude Include="format_obj.h">
      <Filter>Header Files</Filter>
    </ClInclude>
    <ClInclude Include="image_loader.h">
      <Filter>Header Files</Filter>
    </ClInclude>
    <ClInclude Include="resource.h">
      <Filter>Header Files</Filter>
    </ClInclude>
    <ClInclude Include="resource_descriptions.h">
      <Filter>Header Files</Filter>
    </ClInclude>
    <ClInclude Include="resource_loading.h">
      <Filter>Header Files</Filter>
    </ClInclude>
    <ClInclude Include="resources.h">
      <Filter>Header Files</Filter>
    </ClInclude>
    <ClInclude Include="shapes.h">
      <Filter>Header Files</Filter>
    </ClInclude>
    <ClInclude Include="todo.h">
      <Filter>Header Files</Filter>
    </ClInclude>
    <ClInclude Include="control.h">
      <Filter>Header Files</Filter>
    </ClInclude>
    <ClInclude Include="lib\_test.h">
      <Filter>lib</Filter>
    </ClInclude>
    <ClInclude Include="lib\_test_array.h">
      <Filter>lib</Filter>
    </ClInclude>
    <ClInclude Include="lib\_test_image.h">
      <Filter>lib</Filter>
    </ClInclude>
    <ClInclude Include="lib\_test_log.h">
      <Filter>lib</Filter>
    </ClInclude>
    <ClInclude Include="lib\_test_math.h">
      <Filter>lib</Filter>
    </ClInclude>
    <ClInclude Include="lib\_test_random.h">
      <Filter>lib</Filter>
    </ClInclude>
    <ClInclude Include="lib\_test_stable_array.h">
      <Filter>lib</Filter>
    </ClInclude>
    <ClInclude Include="lib\allocator.h">
      <Filter>lib</Filter>
    </ClInclude>
    <ClInclude Include="lib\allocator_debug.h">
      <Filter>lib</Filter>
    </ClInclude>
    <ClInclude Include="lib\allocator_malloc.h">
      <Filter>lib</Filter>
    </ClInclude>
    <ClInclude Include="lib\allocator_stack.h">
      <Filter>lib</Filter>
    </ClInclude>
    <ClInclude Include="lib\allocator_wrapper.h">
      <Filter>lib</Filter>
    </ClInclude>
    <ClInclude Include="lib\array.h">
      <Filter>lib</Filter>
    </ClInclude>
    <ClInclude Include="lib\assert.h">
      <Filter>lib</Filter>
    </ClInclude>
    <ClInclude Include="lib\defines.h">
      <Filter>lib</Filter>
    </ClInclude>
    <ClInclude Include="lib\file.h">
      <Filter>lib</Filter>
    </ClInclude>
    <ClInclude Include="lib\guid.h">
      <Filter>lib</Filter>
    </ClInclude>
    <ClInclude Include="lib\hash.h">
      <Filter>lib</Filter>
    </ClInclude>
    <ClInclude Include="lib\hash_string.h">
      <Filter>lib</Filter>
    </ClInclude>
    <ClInclude Include="lib\image.h">
      <Filter>lib</Filter>
    </ClInclude>
    <ClInclude Include="lib\log.h">
      <Filter>lib</Filter>
    </ClInclude>
    <ClInclude Include="lib\log_file.h">
      <Filter>lib</Filter>
    </ClInclude>
    <ClInclude Include="lib\math.h">
      <Filter>lib</Filter>
    </ClInclude>
    <ClInclude Include="lib\parse.h">
      <Filter>lib</Filter>
    </ClInclude>
    <ClInclude Include="lib\perf.h">
      <Filter>lib</Filter>
    </ClInclude>
    <ClInclude Include="lib\platform.h">
      <Filter>lib</Filter>
    </ClInclude>
    <ClInclude Include="lib\profile.h">
      <Filter>lib</Filter>
    </ClInclude>
    <ClInclude Include="lib\random.h">
      <Filter>lib</Filter>
    </ClInclude>
    <ClInclude Include="lib\serialize.h">
      <Filter>lib</Filter>
    </ClInclude>
    <ClInclude Include="lib\stable_array.h">
      <Filter>lib</Filter>
    </ClInclude>
    <ClInclude Include="lib\string.h">
      <Filter>lib</Filter>
    </ClInclude>
    <ClInclude Include="lib\time.h">
      <Filter>lib</Filter>
    </ClInclude>
    <ClInclude Include="lib\vformat.h">
      <Filter>lib</Filter>
    </ClInclude>
    <ClInclude Include="mdump.h">
      <Filter>Header Files</Filter>
    </ClInclude>
    <ClInclude Include="gl_utils\gl.h">
      <Filter>gl_utils</Filter>
    </ClInclude>
    <ClInclude Include="gl_utils\gl_debug_output.h">
      <Filter>gl_utils</Filter>
    </ClInclude>
    <ClInclude Include="gl_utils\gl_shader_util.h">
      <Filter>gl_utils</Filter>
    </ClInclude>
    <ClInclude Include="gl_utils\gl_texture_util.h">
      <Filter>gl_utils</Filter>
    </ClInclude>
    <ClInclude Include="gl_utils\gl_pixel_format.h">
      <Filter>gl_utils</Filter>
    </ClInclude>
    <ClInclude Include="gl_utils\gl_frame_buffers.h">
      <Filter>gl_utils</Filter>
    </ClInclude>
    <ClInclude Include="name.h">
      <Filter>Header Files</Filter>
    </ClInclude>
    <ClInclude Include="lib\_test_string.h">
      <Filter>lib</Filter>
    </ClInclude>
    <ClInclude Include="lib\_test_all.h">
      <Filter>lib</Filter>
    </ClInclude>
    <ClInclude Include="lib\profile_utils.h">
      <Filter>lib</Filter>
    </ClInclude>
    <ClInclude Include="lib\_test_debug_allocator.h">
      <Filter>lib</Filter>
    </ClInclude>
    <ClInclude Include="lib\arena.h">
      <Filter>lib</Filter>
    </ClInclude>
    <ClInclude Include="lib\_test_arena.h">
      <Filter>lib</Filter>
    </ClInclude>
    <ClInclude Include="lib\hash_index.h">
      <Filter>lib</Filter>
    </ClInclude>
    <ClInclude Include="lib\_test_hash_index.h">
      <Filter>lib</Filter>
    </ClInclude>
    <ClInclude Include="lib\lpf.h">
      <Filter>lib</Filter>
    </ClInclude>
    <ClInclude Include="lib\_test_lpf.h">
      <Filter>lib</Filter>
    </ClInclude>
    <ClInclude Include="mdump2.h">
      <Filter>Header Files</Filter>
    </ClInclude>
    <ClInclude Include="lib\log_list.h">
      <Filter>lib</Filter>
    </ClInclude>
    <ClInclude Include="lib\path.h">
      <Filter>lib</Filter>
    </ClInclude>
    <ClInclude Include="lib\list.h">
      <Filter>lib</Filter>
    </ClInclude>
    <ClInclude Include="link_table.h">
      <Filter>Header Files</Filter>
    </ClInclude>
    <ClInclude Include="resource_2.h">
      <Filter>Header Files</Filter>
    </ClInclude>
    <ClInclude Include="lib\pool_allocator.h">
      <Filter>lib</Filter>
    </ClInclude>
  </ItemGroup>
  <ItemGroup>
    <None Include="shaders\equi_to_cubemap.glsl">
      <Filter>shaders</Filter>
    </None>
    <None Include="shaders\instanced_batched_texture.glsl">
      <Filter>shaders</Filter>
    </None>
    <None Include="shaders\instanced_texture.glsl">
      <Filter>shaders</Filter>
    </None>
    <None Include="shaders\irradiance_convolution.glsl">
      <Filter>shaders</Filter>
    </None>
    <None Include="shaders\pbr.glsl">
      <Filter>shaders</Filter>
    </None>
    <None Include="shaders\pbr_mapped.glsl">
      <Filter>shaders</Filter>
    </None>
    <None Include="shaders\prefilter.glsl">
      <Filter>shaders</Filter>
    </None>
    <None Include="shaders\screen.glsl">
      <Filter>shaders</Filter>
    </None>
    <None Include="shaders\skybox.glsl">
      <Filter>shaders</Filter>
    </None>
    <None Include="shaders\solid_color.glsl">
      <Filter>shaders</Filter>
    </None>
    <None Include="shaders\uv_debug.glsl">
      <Filter>shaders</Filter>
    </None>
    <None Include="shaders\_template.glsl">
      <Filter>shaders</Filter>
    </None>
    <None Include="shaders\blinn_phong.glsl">
      <Filter>shaders</Filter>
    </None>
    <None Include="shaders\brdf_lut.glsl">
      <Filter>shaders</Filter>
    </None>
    <None Include="shaders\depth_color.glsl">
      <Filter>shaders</Filter>
    </None>
  </ItemGroup>
</Project>