<?xml version="1.0" encoding="utf-8"?>
<Project ToolsVersion="4.0" xmlns="http://schemas.microsoft.com/developer/msbuild/2003">
  <ItemGroup>
    <Filter Include="Source Files">
      <UniqueIdentifier>{4FC737F1-C7A5-4376-A066-2A32D752A2FF}</UniqueIdentifier>
      <Extensions>cpp;c;cc;cxx;c++;cppm;ixx;def;odl;idl;hpj;bat;asm;asmx</Extensions>
    </Filter>
    <Filter Include="Header Files">
      <UniqueIdentifier>{93995380-89BD-4b04-88EB-625FBE52EBFB}</UniqueIdentifier>
      <Extensions>h;hh;hpp;hxx;h++;hm;inl;inc;ipp;xsd</Extensions>
    </Filter>
    <Filter Include="Resource Files">
      <UniqueIdentifier>{67DA6AB6-F800-4c08-8B7A-83BB121AAD01}</UniqueIdentifier>
      <Extensions>rc;ico;cur;bmp;dlg;rc2;rct;bin;rgs;gif;jpg;jpeg;jpe;resx;tiff;tif;png;wav;mfcribbon-ms</Extensions>
    </Filter>
    <Filter Include="shaders">
      <UniqueIdentifier>{ffb7ba52-3168-4721-acd5-b25c8f0c3889}</UniqueIdentifier>
    </Filter>
  </ItemGroup>
  <ItemGroup>
    <ClCompile Include="main.c">
      <Filter>Source Files</Filter>
    </ClCompile>
    <ClCompile Include="platform_windows.c">
      <Filter>Source Files</Filter>
    </ClCompile>
  </ItemGroup>
  <ItemGroup>
    <ClInclude Include="allocator.h">
      <Filter>Header Files</Filter>
    </ClInclude>
    <ClInclude Include="array.h">
      <Filter>Header Files</Filter>
    </ClInclude>
    <ClInclude Include="defines.h">
      <Filter>Header Files</Filter>
    </ClInclude>
    <ClInclude Include="hash.h">
      <Filter>Header Files</Filter>
    </ClInclude>
    <ClInclude Include="hash_index.h">
      <Filter>Header Files</Filter>
    </ClInclude>
    <ClInclude Include="platform.h">
      <Filter>Header Files</Filter>
    </ClInclude>
    <ClInclude Include="string.h">
      <Filter>Header Files</Filter>
    </ClInclude>
    <ClInclude Include="time.h">
      <Filter>Header Files</Filter>
    </ClInclude>
    <ClInclude Include="format.h">
      <Filter>Header Files</Filter>
    </ClInclude>
    <ClInclude Include="math.h">
      <Filter>Header Files</Filter>
    </ClInclude>
    <ClInclude Include="random.h">
      <Filter>Header Files</Filter>
    </ClInclude>
    <ClInclude Include="_test_random.h">
      <Filter>Header Files</Filter>
    </ClInclude>
    <ClInclude Include="_test_array.h">
      <Filter>Header Files</Filter>
    </ClInclude>
    <ClInclude Include="_test.h">
      <Filter>Header Files</Filter>
    </ClInclude>
    <ClInclude Include="allocator_debug.h">
      <Filter>Header Files</Filter>
    </ClInclude>
    <ClInclude Include="log.h">
      <Filter>Header Files</Filter>
    </ClInclude>
    <ClInclude Include="_test_log.h">
      <Filter>Header Files</Filter>
    </ClInclude>
    <ClInclude Include="assert.h">
      <Filter>Header Files</Filter>
    </ClInclude>
    <ClInclude Include="_test_hash_index.h">
      <Filter>Header Files</Filter>
    </ClInclude>
    <ClInclude Include="file.h">
      <Filter>Header Files</Filter>
    </ClInclude>
    <ClInclude Include="hash_table.h">
      <Filter>Header Files</Filter>
    </ClInclude>
    <ClInclude Include="_test_hash_table.h">
      <Filter>Header Files</Filter>
    </ClInclude>
    <ClInclude Include="gl_shader_util.h">
      <Filter>Header Files</Filter>
    </ClInclude>
    <ClInclude Include="gl.h">
      <Filter>Header Files</Filter>
    </ClInclude>
    <ClInclude Include="gl_debug_output.h">
      <Filter>Header Files</Filter>
    </ClInclude>
    <ClInclude Include="_test_math.h">
      <Filter>Header Files</Filter>
    </ClInclude>
    <ClInclude Include="shapes.h">
      <Filter>Header Files</Filter>
    </ClInclude>
    <ClInclude Include="temp.h">
      <Filter>Header Files</Filter>
    </ClInclude>
    <ClInclude Include="allocator_malloc.h">
      <Filter>Header Files</Filter>
    </ClInclude>
    <ClInclude Include="allocator_failing.h">
      <Filter>Header Files</Filter>
    </ClInclude>
    <ClInclude Include="format_obj.h">
      <Filter>Header Files</Filter>
    </ClInclude>
    <ClInclude Include="engine_types.h">
      <Filter>Header Files</Filter>
    </ClInclude>
    <ClInclude Include="error.h">
      <Filter>Header Files</Filter>
    </ClInclude>
    <ClInclude Include="profile.h">
      <Filter>Header Files</Filter>
    </ClInclude>
    <ClInclude Include="image_loader.h">
      <Filter>Header Files</Filter>
    </ClInclude>
    <ClInclude Include="allocator_wrapper.h">
      <Filter>Header Files</Filter>
    </ClInclude>
    <ClInclude Include="vformat.h">
      <Filter>Header Files</Filter>
    </ClInclude>
    <ClInclude Include="parse.h">
      <Filter>Header Files</Filter>
    </ClInclude>
    <ClInclude Include="base64.h">
      <Filter>Header Files</Filter>
    </ClInclude>
    <ClInclude Include="_test_base64.h">
      <Filter>Header Files</Filter>
    </ClInclude>
    <ClInclude Include="unicode.h">
      <Filter>Header Files</Filter>
    </ClInclude>
    <ClInclude Include="_test_unicode.h">
      <Filter>Header Files</Filter>
    </ClInclude>
    <ClInclude Include="resource_loading.h">
      <Filter>Header Files</Filter>
    </ClInclude>
    <ClInclude Include="image.h">
      <Filter>Header Files</Filter>
    </ClInclude>
    <ClInclude Include="_test_image.h">
      <Filter>Header Files</Filter>
    </ClInclude>
    <ClInclude Include="format_netbpm.h">
      <Filter>Header Files</Filter>
    </ClInclude>
    <ClInclude Include="handle_table.h">
      <Filter>Header Files</Filter>
    </ClInclude>
    <ClInclude Include="resources.h">
      <Filter>Header Files</Filter>
    </ClInclude>
    <ClInclude Include="todo.h">
      <Filter>Header Files</Filter>
    </ClInclude>
    <ClInclude Include="render.h">
      <Filter>Header Files</Filter>
    </ClInclude>
    <ClInclude Include="allocator_stack.h">
      <Filter>Header Files</Filter>
    </ClInclude>
    <ClInclude Include="format_lpf.h">
      <Filter>Header Files</Filter>
    </ClInclude>
    <ClInclude Include="logger_file.h">
      <Filter>Header Files</Filter>
    </ClInclude>
    <ClInclude Include="logger_memory.h">
      <Filter>Header Files</Filter>
    </ClInclude>
    <ClInclude Include="callstack.h">
      <Filter>Header Files</Filter>
    </ClInclude>
  </ItemGroup>
  <ItemGroup>
    <None Include="shaders\screen.frag">
      <Filter>shaders</Filter>
    </None>
    <None Include="shaders\screen.vert">
      <Filter>shaders</Filter>
    </None>
    <None Include="shaders\depth_color.frag">
      <Filter>shaders</Filter>
    </None>
    <None Include="shaders\depth_color.vert">
      <Filter>shaders</Filter>
    </None>
    <None Include="shaders\uv_debug.frag">
      <Filter>shaders</Filter>
    </None>
    <None Include="shaders\uv_debug.geom">
      <Filter>shaders</Filter>
    </None>
    <None Include="shaders\uv_debug.vert">
      <Filter>shaders</Filter>
    </None>
    <None Include="shaders\blinn_phong.frag">
      <Filter>shaders</Filter>
    </None>
    <None Include="shaders\blinn_phong.vert">
      <Filter>shaders</Filter>
    </None>
    <None Include="shaders\solid_color.frag">
      <Filter>shaders</Filter>
    </None>
    <None Include="shaders\solid_color.vert">
      <Filter>shaders</Filter>
    </None>
    <None Include="shaders\skybox.frag">
      <Filter>shaders</Filter>
    </None>
    <None Include="shaders\skybox.vert">
      <Filter>shaders</Filter>
    </None>
    <None Include="shaders\pbr.frag">
      <Filter>shaders</Filter>
    </None>
    <None Include="shaders\pbr.vert">
      <Filter>shaders</Filter>
    </None>
    <None Include="shaders\equi_to_cubemap.vert">
      <Filter>shaders</Filter>
    </None>
    <None Include="shaders\equi_to_cubemap.frag">
      <Filter>shaders</Filter>
    </None>
    <None Include="shaders\irradiance_convolution.frag">
      <Filter>shaders</Filter>
    </None>
    <None Include="shaders\irradiance_convolution.vert">
      <Filter>shaders</Filter>
    </None>
    <None Include="shaders\pbr_mapped.vert">
      <Filter>shaders</Filter>
    </None>
    <None Include="shaders\pbr_mapped.frag">
      <Filter>shaders</Filter>
    </None>
    <None Include="shaders\brdf_lut.frag">
      <Filter>shaders</Filter>
    </None>
    <None Include="shaders\brdf_lut.vert">
      <Filter>shaders</Filter>
    </None>
    <None Include="shaders\prefilter.frag">
      <Filter>shaders</Filter>
    </None>
    <None Include="shaders\prefilter.vert">
      <Filter>shaders</Filter>
    </None>
  </ItemGroup>
</Project>